
Microsoft Visual Studio Solution File, Format Version 12.00
# Visual Studio Version 16
VisualStudioVersion = 16.0.31702.278
MinimumVisualStudioVersion = 10.0.40219.1
Project("{FAE04EC0-301F-11D3-BF4B-00C04F79EFBC}") = "WagoneeMobile", "WagoneeMobile\WagoneeMobile.csproj", "{524BE9FA-BD39-4E29-A1B2-11C89FFADB83}"
EndProject
Project("{FAE04EC0-301F-11D3-BF4B-00C04F79EFBC}") = "WagoneeMobile.Android", "WagoneeMobile.Android\WagoneeMobile.Android.csproj", "{F80994F8-FDEF-4DF1-BB26-1BCCDE9727FC}"
EndProject
Project("{FAE04EC0-301F-11D3-BF4B-00C04F79EFBC}") = "WagoneeMobile.iOS", "WagoneeMobile.iOS\WagoneeMobile.iOS.csproj", "{9C3DE290-C1AD-4F53-94C0-7024296044F4}"
EndProject
Project("{FAE04EC0-301F-11D3-BF4B-00C04F79EFBC}") = "WagoneeMobile.UWP", "WagoneeMobile.UWP\WagoneeMobile.UWP.csproj", "{571BFCF4-A952-46AB-B52E-1116FD8C22EE}"
EndProject
Global
	GlobalSection(SolutionConfigurationPlatforms) = preSolution
		Ad-Hoc|Any CPU = Ad-Hoc|Any CPU
		Ad-Hoc|ARM = Ad-Hoc|ARM
		Ad-Hoc|iPhone = Ad-Hoc|iPhone
		Ad-Hoc|iPhoneSimulator = Ad-Hoc|iPhoneSimulator
		Ad-Hoc|x64 = Ad-Hoc|x64
		Ad-Hoc|x86 = Ad-Hoc|x86
		AppStore|Any CPU = AppStore|Any CPU
		AppStore|ARM = AppStore|ARM
		AppStore|iPhone = AppStore|iPhone
		AppStore|iPhoneSimulator = AppStore|iPhoneSimulator
		AppStore|x64 = AppStore|x64
		AppStore|x86 = AppStore|x86
		Debug|Any CPU = Debug|Any CPU
		Debug|ARM = Debug|ARM
		Debug|iPhone = Debug|iPhone
		Debug|iPhoneSimulator = Debug|iPhoneSimulator
		Debug|x64 = Debug|x64
		Debug|x86 = Debug|x86
		Release|Any CPU = Release|Any CPU
		Release|ARM = Release|ARM
		Release|iPhone = Release|iPhone
		Release|iPhoneSimulator = Release|iPhoneSimulator
		Release|x64 = Release|x64
		Release|x86 = Release|x86
	EndGlobalSection
	GlobalSection(ProjectConfigurationPlatforms) = postSolution
		{524BE9FA-BD39-4E29-A1B2-11C89FFADB83}.Ad-Hoc|Any CPU.ActiveCfg = Debug|Any CPU
		{524BE9FA-BD39-4E29-A1B2-11C89FFADB83}.Ad-Hoc|Any CPU.Build.0 = Debug|Any CPU
		{524BE9FA-BD39-4E29-A1B2-11C89FFADB83}.Ad-Hoc|ARM.ActiveCfg = Debug|Any CPU
		{524BE9FA-BD39-4E29-A1B2-11C89FFADB83}.Ad-Hoc|ARM.Build.0 = Debug|Any CPU
		{524BE9FA-BD39-4E29-A1B2-11C89FFADB83}.Ad-Hoc|iPhone.ActiveCfg = Debug|Any CPU
		{524BE9FA-BD39-4E29-A1B2-11C89FFADB83}.Ad-Hoc|iPhone.Build.0 = Debug|Any CPU
		{524BE9FA-BD39-4E29-A1B2-11C89FFADB83}.Ad-Hoc|iPhoneSimulator.ActiveCfg = Debug|Any CPU
		{524BE9FA-BD39-4E29-A1B2-11C89FFADB83}.Ad-Hoc|iPhoneSimulator.Build.0 = Debug|Any CPU
		{524BE9FA-BD39-4E29-A1B2-11C89FFADB83}.Ad-Hoc|x64.ActiveCfg = Debug|Any CPU
		{524BE9FA-BD39-4E29-A1B2-11C89FFADB83}.Ad-Hoc|x64.Build.0 = Debug|Any CPU
		{524BE9FA-BD39-4E29-A1B2-11C89FFADB83}.Ad-Hoc|x86.ActiveCfg = Debug|Any CPU
		{524BE9FA-BD39-4E29-A1B2-11C89FFADB83}.Ad-Hoc|x86.Build.0 = Debug|Any CPU
		{524BE9FA-BD39-4E29-A1B2-11C89FFADB83}.AppStore|Any CPU.ActiveCfg = Debug|Any CPU
		{524BE9FA-BD39-4E29-A1B2-11C89FFADB83}.AppStore|Any CPU.Build.0 = Debug|Any CPU
		{524BE9FA-BD39-4E29-A1B2-11C89FFADB83}.AppStore|ARM.ActiveCfg = Debug|Any CPU
		{524BE9FA-BD39-4E29-A1B2-11C89FFADB83}.AppStore|ARM.Build.0 = Debug|Any CPU
		{524BE9FA-BD39-4E29-A1B2-11C89FFADB83}.AppStore|iPhone.ActiveCfg = Debug|Any CPU
		{524BE9FA-BD39-4E29-A1B2-11C89FFADB83}.AppStore|iPhone.Build.0 = Debug|Any CPU
		{524BE9FA-BD39-4E29-A1B2-11C89FFADB83}.AppStore|iPhoneSimulator.ActiveCfg = Debug|Any CPU
		{524BE9FA-BD39-4E29-A1B2-11C89FFADB83}.AppStore|iPhoneSimulator.Build.0 = Debug|Any CPU
		{524BE9FA-BD39-4E29-A1B2-11C89FFADB83}.AppStore|x64.ActiveCfg = Debug|Any CPU
		{524BE9FA-BD39-4E29-A1B2-11C89FFADB83}.AppStore|x64.Build.0 = Debug|Any CPU
		{524BE9FA-BD39-4E29-A1B2-11C89FFADB83}.AppStore|x86.ActiveCfg = Debug|Any CPU
		{524BE9FA-BD39-4E29-A1B2-11C89FFADB83}.AppStore|x86.Build.0 = Debug|Any CPU
		{524BE9FA-BD39-4E29-A1B2-11C89FFADB83}.Debug|Any CPU.ActiveCfg = Debug|Any CPU
		{524BE9FA-BD39-4E29-A1B2-11C89FFADB83}.Debug|Any CPU.Build.0 = Debug|Any CPU
		{524BE9FA-BD39-4E29-A1B2-11C89FFADB83}.Debug|ARM.ActiveCfg = Debug|Any CPU
		{524BE9FA-BD39-4E29-A1B2-11C89FFADB83}.Debug|ARM.Build.0 = Debug|Any CPU
		{524BE9FA-BD39-4E29-A1B2-11C89FFADB83}.Debug|iPhone.ActiveCfg = Debug|Any CPU
		{524BE9FA-BD39-4E29-A1B2-11C89FFADB83}.Debug|iPhone.Build.0 = Debug|Any CPU
		{524BE9FA-BD39-4E29-A1B2-11C89FFADB83}.Debug|iPhoneSimulator.ActiveCfg = Debug|Any CPU
		{524BE9FA-BD39-4E29-A1B2-11C89FFADB83}.Debug|iPhoneSimulator.Build.0 = Debug|Any CPU
		{524BE9FA-BD39-4E29-A1B2-11C89FFADB83}.Debug|x64.ActiveCfg = Debug|Any CPU
		{524BE9FA-BD39-4E29-A1B2-11C89FFADB83}.Debug|x64.Build.0 = Debug|Any CPU
		{524BE9FA-BD39-4E29-A1B2-11C89FFADB83}.Debug|x86.ActiveCfg = Debug|Any CPU
		{524BE9FA-BD39-4E29-A1B2-11C89FFADB83}.Debug|x86.Build.0 = Debug|Any CPU
		{524BE9FA-BD39-4E29-A1B2-11C89FFADB83}.Release|Any CPU.ActiveCfg = Release|Any CPU
		{524BE9FA-BD39-4E29-A1B2-11C89FFADB83}.Release|Any CPU.Build.0 = Release|Any CPU
		{524BE9FA-BD39-4E29-A1B2-11C89FFADB83}.Release|ARM.ActiveCfg = Release|Any CPU
		{524BE9FA-BD39-4E29-A1B2-11C89FFADB83}.Release|ARM.Build.0 = Release|Any CPU
		{524BE9FA-BD39-4E29-A1B2-11C89FFADB83}.Release|iPhone.ActiveCfg = Release|Any CPU
		{524BE9FA-BD39-4E29-A1B2-11C89FFADB83}.Release|iPhone.Build.0 = Release|Any CPU
		{524BE9FA-BD39-4E29-A1B2-11C89FFADB83}.Release|iPhoneSimulator.ActiveCfg = Release|Any CPU
		{524BE9FA-BD39-4E29-A1B2-11C89FFADB83}.Release|iPhoneSimulator.Build.0 = Release|Any CPU
		{524BE9FA-BD39-4E29-A1B2-11C89FFADB83}.Release|x64.ActiveCfg = Release|Any CPU
		{524BE9FA-BD39-4E29-A1B2-11C89FFADB83}.Release|x64.Build.0 = Release|Any CPU
		{524BE9FA-BD39-4E29-A1B2-11C89FFADB83}.Release|x86.ActiveCfg = Release|Any CPU
		{524BE9FA-BD39-4E29-A1B2-11C89FFADB83}.Release|x86.Build.0 = Release|Any CPU
		{F80994F8-FDEF-4DF1-BB26-1BCCDE9727FC}.Ad-Hoc|Any CPU.ActiveCfg = Debug|Any CPU
		{F80994F8-FDEF-4DF1-BB26-1BCCDE9727FC}.Ad-Hoc|Any CPU.Build.0 = Debug|Any CPU
		{F80994F8-FDEF-4DF1-BB26-1BCCDE9727FC}.Ad-Hoc|Any CPU.Deploy.0 = Debug|Any CPU
		{F80994F8-FDEF-4DF1-BB26-1BCCDE9727FC}.Ad-Hoc|ARM.ActiveCfg = Debug|Any CPU
		{F80994F8-FDEF-4DF1-BB26-1BCCDE9727FC}.Ad-Hoc|ARM.Build.0 = Debug|Any CPU
		{F80994F8-FDEF-4DF1-BB26-1BCCDE9727FC}.Ad-Hoc|ARM.Deploy.0 = Debug|Any CPU
		{F80994F8-FDEF-4DF1-BB26-1BCCDE9727FC}.Ad-Hoc|iPhone.ActiveCfg = Debug|Any CPU
		{F80994F8-FDEF-4DF1-BB26-1BCCDE9727FC}.Ad-Hoc|iPhone.Build.0 = Debug|Any CPU
		{F80994F8-FDEF-4DF1-BB26-1BCCDE9727FC}.Ad-Hoc|iPhone.Deploy.0 = Debug|Any CPU
		{F80994F8-FDEF-4DF1-BB26-1BCCDE9727FC}.Ad-Hoc|iPhoneSimulator.ActiveCfg = Debug|Any CPU
		{F80994F8-FDEF-4DF1-BB26-1BCCDE9727FC}.Ad-Hoc|iPhoneSimulator.Build.0 = Debug|Any CPU
		{F80994F8-FDEF-4DF1-BB26-1BCCDE9727FC}.Ad-Hoc|iPhoneSimulator.Deploy.0 = Debug|Any CPU
		{F80994F8-FDEF-4DF1-BB26-1BCCDE9727FC}.Ad-Hoc|x64.ActiveCfg = Debug|Any CPU
		{F80994F8-FDEF-4DF1-BB26-1BCCDE9727FC}.Ad-Hoc|x64.Build.0 = Debug|Any CPU
		{F80994F8-FDEF-4DF1-BB26-1BCCDE9727FC}.Ad-Hoc|x64.Deploy.0 = Debug|Any CPU
		{F80994F8-FDEF-4DF1-BB26-1BCCDE9727FC}.Ad-Hoc|x86.ActiveCfg = Debug|Any CPU
		{F80994F8-FDEF-4DF1-BB26-1BCCDE9727FC}.Ad-Hoc|x86.Build.0 = Debug|Any CPU
		{F80994F8-FDEF-4DF1-BB26-1BCCDE9727FC}.Ad-Hoc|x86.Deploy.0 = Debug|Any CPU
		{F80994F8-FDEF-4DF1-BB26-1BCCDE9727FC}.AppStore|Any CPU.ActiveCfg = Debug|Any CPU
		{F80994F8-FDEF-4DF1-BB26-1BCCDE9727FC}.AppStore|Any CPU.Build.0 = Debug|Any CPU
		{F80994F8-FDEF-4DF1-BB26-1BCCDE9727FC}.AppStore|Any CPU.Deploy.0 = Debug|Any CPU
		{F80994F8-FDEF-4DF1-BB26-1BCCDE9727FC}.AppStore|ARM.ActiveCfg = Debug|Any CPU
		{F80994F8-FDEF-4DF1-BB26-1BCCDE9727FC}.AppStore|ARM.Build.0 = Debug|Any CPU
		{F80994F8-FDEF-4DF1-BB26-1BCCDE9727FC}.AppStore|ARM.Deploy.0 = Debug|Any CPU
		{F80994F8-FDEF-4DF1-BB26-1BCCDE9727FC}.AppStore|iPhone.ActiveCfg = Debug|Any CPU
		{F80994F8-FDEF-4DF1-BB26-1BCCDE9727FC}.AppStore|iPhone.Build.0 = Debug|Any CPU
		{F80994F8-FDEF-4DF1-BB26-1BCCDE9727FC}.AppStore|iPhone.Deploy.0 = Debug|Any CPU
		{F80994F8-FDEF-4DF1-BB26-1BCCDE9727FC}.AppStore|iPhoneSimulator.ActiveCfg = Debug|Any CPU
		{F80994F8-FDEF-4DF1-BB26-1BCCDE9727FC}.AppStore|iPhoneSimulator.Build.0 = Debug|Any CPU
		{F80994F8-FDEF-4DF1-BB26-1BCCDE9727FC}.AppStore|iPhoneSimulator.Deploy.0 = Debug|Any CPU
		{F80994F8-FDEF-4DF1-BB26-1BCCDE9727FC}.AppStore|x64.ActiveCfg = Debug|Any CPU
		{F80994F8-FDEF-4DF1-BB26-1BCCDE9727FC}.AppStore|x64.Build.0 = Debug|Any CPU
		{F80994F8-FDEF-4DF1-BB26-1BCCDE9727FC}.AppStore|x64.Deploy.0 = Debug|Any CPU
		{F80994F8-FDEF-4DF1-BB26-1BCCDE9727FC}.AppStore|x86.ActiveCfg = Debug|Any CPU
		{F80994F8-FDEF-4DF1-BB26-1BCCDE9727FC}.AppStore|x86.Build.0 = Debug|Any CPU
		{F80994F8-FDEF-4DF1-BB26-1BCCDE9727FC}.AppStore|x86.Deploy.0 = Debug|Any CPU
		{F80994F8-FDEF-4DF1-BB26-1BCCDE9727FC}.Debug|Any CPU.ActiveCfg = Debug|Any CPU
		{F80994F8-FDEF-4DF1-BB26-1BCCDE9727FC}.Debug|Any CPU.Build.0 = Debug|Any CPU
		{F80994F8-FDEF-4DF1-BB26-1BCCDE9727FC}.Debug|Any CPU.Deploy.0 = Debug|Any CPU
		{F80994F8-FDEF-4DF1-BB26-1BCCDE9727FC}.Debug|ARM.ActiveCfg = Debug|Any CPU
		{F80994F8-FDEF-4DF1-BB26-1BCCDE9727FC}.Debug|ARM.Build.0 = Debug|Any CPU
		{F80994F8-FDEF-4DF1-BB26-1BCCDE9727FC}.Debug|ARM.Deploy.0 = Debug|Any CPU
		{F80994F8-FDEF-4DF1-BB26-1BCCDE9727FC}.Debug|iPhone.ActiveCfg = Debug|Any CPU
		{F80994F8-FDEF-4DF1-BB26-1BCCDE9727FC}.Debug|iPhone.Build.0 = Debug|Any CPU
		{F80994F8-FDEF-4DF1-BB26-1BCCDE9727FC}.Debug|iPhone.Deploy.0 = Debug|Any CPU
		{F80994F8-FDEF-4DF1-BB26-1BCCDE9727FC}.Debug|iPhoneSimulator.ActiveCfg = Debug|Any CPU
		{F80994F8-FDEF-4DF1-BB26-1BCCDE9727FC}.Debug|iPhoneSimulator.Build.0 = Debug|Any CPU
		{F80994F8-FDEF-4DF1-BB26-1BCCDE9727FC}.Debug|iPhoneSimulator.Deploy.0 = Debug|Any CPU
		{F80994F8-FDEF-4DF1-BB26-1BCCDE9727FC}.Debug|x64.ActiveCfg = Debug|Any CPU
		{F80994F8-FDEF-4DF1-BB26-1BCCDE9727FC}.Debug|x64.Build.0 = Debug|Any CPU
		{F80994F8-FDEF-4DF1-BB26-1BCCDE9727FC}.Debug|x64.Deploy.0 = Debug|Any CPU
		{F80994F8-FDEF-4DF1-BB26-1BCCDE9727FC}.Debug|x86.ActiveCfg = Debug|Any CPU
		{F80994F8-FDEF-4DF1-BB26-1BCCDE9727FC}.Debug|x86.Build.0 = Debug|Any CPU
		{F80994F8-FDEF-4DF1-BB26-1BCCDE9727FC}.Debug|x86.Deploy.0 = Debug|Any CPU
		{F80994F8-FDEF-4DF1-BB26-1BCCDE9727FC}.Release|Any CPU.ActiveCfg = Release|Any CPU
		{F80994F8-FDEF-4DF1-BB26-1BCCDE9727FC}.Release|Any CPU.Build.0 = Release|Any CPU
		{F80994F8-FDEF-4DF1-BB26-1BCCDE9727FC}.Release|Any CPU.Deploy.0 = Release|Any CPU
		{F80994F8-FDEF-4DF1-BB26-1BCCDE9727FC}.Release|ARM.ActiveCfg = Release|Any CPU
		{F80994F8-FDEF-4DF1-BB26-1BCCDE9727FC}.Release|ARM.Build.0 = Release|Any CPU
		{F80994F8-FDEF-4DF1-BB26-1BCCDE9727FC}.Release|ARM.Deploy.0 = Release|Any CPU
		{F80994F8-FDEF-4DF1-BB26-1BCCDE9727FC}.Release|iPhone.ActiveCfg = Release|Any CPU
		{F80994F8-FDEF-4DF1-BB26-1BCCDE9727FC}.Release|iPhone.Build.0 = Release|Any CPU
		{F80994F8-FDEF-4DF1-BB26-1BCCDE9727FC}.Release|iPhone.Deploy.0 = Release|Any CPU
		{F80994F8-FDEF-4DF1-BB26-1BCCDE9727FC}.Release|iPhoneSimulator.ActiveCfg = Release|Any CPU
		{F80994F8-FDEF-4DF1-BB26-1BCCDE9727FC}.Release|iPhoneSimulator.Build.0 = Release|Any CPU
		{F80994F8-FDEF-4DF1-BB26-1BCCDE9727FC}.Release|iPhoneSimulator.Deploy.0 = Release|Any CPU
		{F80994F8-FDEF-4DF1-BB26-1BCCDE9727FC}.Release|x64.ActiveCfg = Release|Any CPU
		{F80994F8-FDEF-4DF1-BB26-1BCCDE9727FC}.Release|x64.Build.0 = Release|Any CPU
		{F80994F8-FDEF-4DF1-BB26-1BCCDE9727FC}.Release|x64.Deploy.0 = Release|Any CPU
		{F80994F8-FDEF-4DF1-BB26-1BCCDE9727FC}.Release|x86.ActiveCfg = Release|Any CPU
		{F80994F8-FDEF-4DF1-BB26-1BCCDE9727FC}.Release|x86.Build.0 = Release|Any CPU
		{F80994F8-FDEF-4DF1-BB26-1BCCDE9727FC}.Release|x86.Deploy.0 = Release|Any CPU
		{9C3DE290-C1AD-4F53-94C0-7024296044F4}.Ad-Hoc|Any CPU.ActiveCfg = Ad-Hoc|iPhoneSimulator
		{9C3DE290-C1AD-4F53-94C0-7024296044F4}.Ad-Hoc|ARM.ActiveCfg = Ad-Hoc|iPhoneSimulator
		{9C3DE290-C1AD-4F53-94C0-7024296044F4}.Ad-Hoc|iPhone.ActiveCfg = Ad-Hoc|iPhone
		{9C3DE290-C1AD-4F53-94C0-7024296044F4}.Ad-Hoc|iPhone.Build.0 = Ad-Hoc|iPhone
		{9C3DE290-C1AD-4F53-94C0-7024296044F4}.Ad-Hoc|iPhoneSimulator.ActiveCfg = Ad-Hoc|iPhoneSimulator
		{9C3DE290-C1AD-4F53-94C0-7024296044F4}.Ad-Hoc|iPhoneSimulator.Build.0 = Ad-Hoc|iPhoneSimulator
		{9C3DE290-C1AD-4F53-94C0-7024296044F4}.Ad-Hoc|x64.ActiveCfg = Ad-Hoc|iPhoneSimulator
		{9C3DE290-C1AD-4F53-94C0-7024296044F4}.Ad-Hoc|x86.ActiveCfg = Ad-Hoc|iPhoneSimulator
		{9C3DE290-C1AD-4F53-94C0-7024296044F4}.AppStore|Any CPU.ActiveCfg = AppStore|iPhoneSimulator
		{9C3DE290-C1AD-4F53-94C0-7024296044F4}.AppStore|ARM.ActiveCfg = AppStore|iPhoneSimulator
		{9C3DE290-C1AD-4F53-94C0-7024296044F4}.AppStore|iPhone.ActiveCfg = AppStore|iPhone
		{9C3DE290-C1AD-4F53-94C0-7024296044F4}.AppStore|iPhone.Build.0 = AppStore|iPhone
		{9C3DE290-C1AD-4F53-94C0-7024296044F4}.AppStore|iPhoneSimulator.ActiveCfg = AppStore|iPhoneSimulator
		{9C3DE290-C1AD-4F53-94C0-7024296044F4}.AppStore|iPhoneSimulator.Build.0 = AppStore|iPhoneSimulator
		{9C3DE290-C1AD-4F53-94C0-7024296044F4}.AppStore|x64.ActiveCfg = AppStore|iPhoneSimulator
		{9C3DE290-C1AD-4F53-94C0-7024296044F4}.AppStore|x86.ActiveCfg = AppStore|iPhoneSimulator
		{9C3DE290-C1AD-4F53-94C0-7024296044F4}.Debug|Any CPU.ActiveCfg = Debug|iPhoneSimulator
		{9C3DE290-C1AD-4F53-94C0-7024296044F4}.Debug|ARM.ActiveCfg = Debug|iPhoneSimulator
		{9C3DE290-C1AD-4F53-94C0-7024296044F4}.Debug|iPhone.ActiveCfg = Debug|iPhone
		{9C3DE290-C1AD-4F53-94C0-7024296044F4}.Debug|iPhone.Build.0 = Debug|iPhone
		{9C3DE290-C1AD-4F53-94C0-7024296044F4}.Debug|iPhoneSimulator.ActiveCfg = Debug|iPhoneSimulator
		{9C3DE290-C1AD-4F53-94C0-7024296044F4}.Debug|iPhoneSimulator.Build.0 = Debug|iPhoneSimulator
		{9C3DE290-C1AD-4F53-94C0-7024296044F4}.Debug|x64.ActiveCfg = Debug|iPhoneSimulator
		{9C3DE290-C1AD-4F53-94C0-7024296044F4}.Debug|x86.ActiveCfg = Debug|iPhoneSimulator
		{9C3DE290-C1AD-4F53-94C0-7024296044F4}.Release|Any CPU.ActiveCfg = Release|iPhoneSimulator
		{9C3DE290-C1AD-4F53-94C0-7024296044F4}.Release|ARM.ActiveCfg = Release|iPhoneSimulator
		{9C3DE290-C1AD-4F53-94C0-7024296044F4}.Release|iPhone.ActiveCfg = Release|iPhone
		{9C3DE290-C1AD-4F53-94C0-7024296044F4}.Release|iPhone.Build.0 = Release|iPhone
		{9C3DE290-C1AD-4F53-94C0-7024296044F4}.Release|iPhoneSimulator.ActiveCfg = Release|iPhoneSimulator
		{9C3DE290-C1AD-4F53-94C0-7024296044F4}.Release|iPhoneSimulator.Build.0 = Release|iPhoneSimulator
		{9C3DE290-C1AD-4F53-94C0-7024296044F4}.Release|x64.ActiveCfg = Release|iPhoneSimulator
		{9C3DE290-C1AD-4F53-94C0-7024296044F4}.Release|x86.ActiveCfg = Release|iPhoneSimulator
		{571BFCF4-A952-46AB-B52E-1116FD8C22EE}.Ad-Hoc|Any CPU.ActiveCfg = Debug|ARM
		{571BFCF4-A952-46AB-B52E-1116FD8C22EE}.Ad-Hoc|Any CPU.Build.0 = Debug|ARM
		{571BFCF4-A952-46AB-B52E-1116FD8C22EE}.Ad-Hoc|Any CPU.Deploy.0 = Debug|ARM
		{571BFCF4-A952-46AB-B52E-1116FD8C22EE}.Ad-Hoc|ARM.ActiveCfg = Debug|ARM
		{571BFCF4-A952-46AB-B52E-1116FD8C22EE}.Ad-Hoc|ARM.Build.0 = Debug|ARM
		{571BFCF4-A952-46AB-B52E-1116FD8C22EE}.Ad-Hoc|ARM.Deploy.0 = Debug|ARM
		{571BFCF4-A952-46AB-B52E-1116FD8C22EE}.Ad-Hoc|iPhone.ActiveCfg = Debug|ARM
		{571BFCF4-A952-46AB-B52E-1116FD8C22EE}.Ad-Hoc|iPhone.Build.0 = Debug|ARM
		{571BFCF4-A952-46AB-B52E-1116FD8C22EE}.Ad-Hoc|iPhone.Deploy.0 = Debug|ARM
		{571BFCF4-A952-46AB-B52E-1116FD8C22EE}.Ad-Hoc|iPhoneSimulator.ActiveCfg = Debug|ARM
		{571BFCF4-A952-46AB-B52E-1116FD8C22EE}.Ad-Hoc|iPhoneSimulator.Build.0 = Debug|ARM
		{571BFCF4-A952-46AB-B52E-1116FD8C22EE}.Ad-Hoc|iPhoneSimulator.Deploy.0 = Debug|ARM
		{571BFCF4-A952-46AB-B52E-1116FD8C22EE}.Ad-Hoc|x64.ActiveCfg = Debug|x64
		{571BFCF4-A952-46AB-B52E-1116FD8C22EE}.Ad-Hoc|x64.Build.0 = Debug|x64
		{571BFCF4-A952-46AB-B52E-1116FD8C22EE}.Ad-Hoc|x64.Deploy.0 = Debug|x64
		{571BFCF4-A952-46AB-B52E-1116FD8C22EE}.Ad-Hoc|x86.ActiveCfg = Debug|x86
		{571BFCF4-A952-46AB-B52E-1116FD8C22EE}.Ad-Hoc|x86.Build.0 = Debug|x86
		{571BFCF4-A952-46AB-B52E-1116FD8C22EE}.Ad-Hoc|x86.Deploy.0 = Debug|x86
		{571BFCF4-A952-46AB-B52E-1116FD8C22EE}.AppStore|Any CPU.ActiveCfg = Debug|ARM
		{571BFCF4-A952-46AB-B52E-1116FD8C22EE}.AppStore|Any CPU.Build.0 = Debug|ARM
		{571BFCF4-A952-46AB-B52E-1116FD8C22EE}.AppStore|Any CPU.Deploy.0 = Debug|ARM
		{571BFCF4-A952-46AB-B52E-1116FD8C22EE}.AppStore|ARM.ActiveCfg = Debug|ARM
		{571BFCF4-A952-46AB-B52E-1116FD8C22EE}.AppStore|ARM.Build.0 = Debug|ARM
		{571BFCF4-A952-46AB-B52E-1116FD8C22EE}.AppStore|ARM.Deploy.0 = Debug|ARM
		{571BFCF4-A952-46AB-B52E-1116FD8C22EE}.AppStore|iPhone.ActiveCfg = Debug|ARM
		{571BFCF4-A952-46AB-B52E-1116FD8C22EE}.AppStore|iPhone.Build.0 = Debug|ARM
		{571BFCF4-A952-46AB-B52E-1116FD8C22EE}.AppStore|iPhone.Deploy.0 = Debug|ARM
		{571BFCF4-A952-46AB-B52E-1116FD8C22EE}.AppStore|iPhoneSimulator.ActiveCfg = Debug|ARM
		{571BFCF4-A952-46AB-B52E-1116FD8C22EE}.AppStore|iPhoneSimulator.Build.0 = Debug|ARM
		{571BFCF4-A952-46AB-B52E-1116FD8C22EE}.AppStore|iPhoneSimulator.Deploy.0 = Debug|ARM
		{571BFCF4-A952-46AB-B52E-1116FD8C22EE}.AppStore|x64.ActiveCfg = Debug|x64
		{571BFCF4-A952-46AB-B52E-1116FD8C22EE}.AppStore|x64.Build.0 = Debug|x64
		{571BFCF4-A952-46AB-B52E-1116FD8C22EE}.AppStore|x64.Deploy.0 = Debug|x64
		{571BFCF4-A952-46AB-B52E-1116FD8C22EE}.AppStore|x86.ActiveCfg = Debug|x86
		{571BFCF4-A952-46AB-B52E-1116FD8C22EE}.AppStore|x86.Build.0 = Debug|x86
		{571BFCF4-A952-46AB-B52E-1116FD8C22EE}.AppStore|x86.Deploy.0 = Debug|x86
		{571BFCF4-A952-46AB-B52E-1116FD8C22EE}.Debug|Any CPU.ActiveCfg = Debug|x86
		{571BFCF4-A952-46AB-B52E-1116FD8C22EE}.Debug|Any CPU.Build.0 = Debug|x86
		{571BFCF4-A952-46AB-B52E-1116FD8C22EE}.Debug|Any CPU.Deploy.0 = Debug|x86
		{571BFCF4-A952-46AB-B52E-1116FD8C22EE}.Debug|ARM.ActiveCfg = Debug|ARM
		{571BFCF4-A952-46AB-B52E-1116FD8C22EE}.Debug|ARM.Build.0 = Debug|ARM
		{571BFCF4-A952-46AB-B52E-1116FD8C22EE}.Debug|ARM.Deploy.0 = Debug|ARM
		{571BFCF4-A952-46AB-B52E-1116FD8C22EE}.Debug|iPhone.ActiveCfg = Debug|x86
		{571BFCF4-A952-46AB-B52E-1116FD8C22EE}.Debug|iPhoneSimulator.ActiveCfg = Debug|x86
		{571BFCF4-A952-46AB-B52E-1116FD8C22EE}.Debug|x64.ActiveCfg = Debug|x64
		{571BFCF4-A952-46AB-B52E-1116FD8C22EE}.Debug|x64.Build.0 = Debug|x64
		{571BFCF4-A952-46AB-B52E-1116FD8C22EE}.Debug|x64.Deploy.0 = Debug|x64
		{571BFCF4-A952-46AB-B52E-1116FD8C22EE}.Debug|x86.ActiveCfg = Debug|x86
		{571BFCF4-A952-46AB-B52E-1116FD8C22EE}.Debug|x86.Build.0 = Debug|x86
		{571BFCF4-A952-46AB-B52E-1116FD8C22EE}.Debug|x86.Deploy.0 = Debug|x86
		{571BFCF4-A952-46AB-B52E-1116FD8C22EE}.Release|Any CPU.ActiveCfg = Release|x86
		{571BFCF4-A952-46AB-B52E-1116FD8C22EE}.Release|ARM.ActiveCfg = Release|ARM
		{571BFCF4-A952-46AB-B52E-1116FD8C22EE}.Release|ARM.Build.0 = Release|ARM
		{571BFCF4-A952-46AB-B52E-1116FD8C22EE}.Release|ARM.Deploy.0 = Release|ARM
		{571BFCF4-A952-46AB-B52E-1116FD8C22EE}.Release|iPhone.ActiveCfg = Release|x86
		{571BFCF4-A952-46AB-B52E-1116FD8C22EE}.Release|iPhoneSimulator.ActiveCfg = Release|x86
		{571BFCF4-A952-46AB-B52E-1116FD8C22EE}.Release|x64.ActiveCfg = Release|x64
		{571BFCF4-A952-46AB-B52E-1116FD8C22EE}.Release|x64.Build.0 = Release|x64
		{571BFCF4-A952-46AB-B52E-1116FD8C22EE}.Release|x64.Deploy.0 = Release|x64
		{571BFCF4-A952-46AB-B52E-1116FD8C22EE}.Release|x86.ActiveCfg = Release|x86
		{571BFCF4-A952-46AB-B52E-1116FD8C22EE}.Release|x86.Build.0 = Release|x86
		{571BFCF4-A952-46AB-B52E-1116FD8C22EE}.Release|x86.Deploy.0 = Release|x86
	EndGlobalSection
	GlobalSection(SolutionProperties) = preSolution
		HideSolutionNode = FALSE
	EndGlobalSection
	GlobalSection(ExtensibilityGlobals) = postSolution
		SolutionGuid = {C2AE1591-6DD1-4DB6-A2B4-F9A6AFEFBFF8}
	EndGlobalSection
EndGlobal
